
Microsoft Visual Studio Solution File, Format Version 12.00
# Visual Studio Version 16
VisualStudioVersion = 16.0.30011.22
MinimumVisualStudioVersion = 10.0.40219.1
Project("{FAE04EC0-301F-11D3-BF4B-00C04F79EFBC}") = "StudentUWPApp", "StudentUWPApp\StudentUWPApp.csproj", "{F6A9EFB0-94B8-4C1E-9D97-65B3277306CA}"
EndProject
Global
	GlobalSection(SolutionConfigurationPlatforms) = preSolution
		Debug|ARM = Debug|ARM
		Debug|ARM64 = Debug|ARM64
		Debug|x64 = Debug|x64
		Debug|x86 = Debug|x86
		Release|ARM = Release|ARM
		Release|ARM64 = Release|ARM64
		Release|x64 = Release|x64
		Release|x86 = Release|x86
	EndGlobalSection
	GlobalSection(ProjectConfigurationPlatforms) = postSolution
		{F6A9EFB0-94B8-4C1E-9D97-65B3277306CA}.Debug|ARM.ActiveCfg = Debug|ARM
		{F6A9EFB0-94B8-4C1E-9D97-65B3277306CA}.Debug|ARM.Build.0 = Debug|ARM
		{F6A9EFB0-94B8-4C1E-9D97-65B3277306CA}.Debug|ARM.Deploy.0 = Debug|ARM
		{F6A9EFB0-94B8-4C1E-9D97-65B3277306CA}.Debug|ARM64.ActiveCfg = Debug|ARM64
		{F6A9EFB0-94B8-4C1E-9D97-65B3277306CA}.Debug|ARM64.Build.0 = Debug|ARM64
		{F6A9EFB0-94B8-4C1E-9D97-65B3277306CA}.Debug|ARM64.Deploy.0 = Debug|ARM64
		{F6A9EFB0-94B8-4C1E-9D97-65B3277306CA}.Debug|x64.ActiveCfg = Debug|x64
		{F6A9EFB0-94B8-4C1E-9D97-65B3277306CA}.Debug|x64.Build.0 = Debug|x64
		{F6A9EFB0-94B8-4C1E-9D97-65B3277306CA}.Debug|x64.Deploy.0 = Debug|x64
		{F6A9EFB0-94B8-4C1E-9D97-65B3277306CA}.Debug|x86.ActiveCfg = Debug|x86
		{F6A9EFB0-94B8-4C1E-9D97-65B3277306CA}.Debug|x86.Build.0 = Debug|x86
		{F6A9EFB0-94B8-4C1E-9D97-65B3277306CA}.Debug|x86.Deploy.0 = Debug|x86
		{F6A9EFB0-94B8-4C1E-9D97-65B3277306CA}.Release|ARM.ActiveCfg = Release|ARM
		{F6A9EFB0-94B8-4C1E-9D97-65B3277306CA}.Release|ARM.Build.0 = Release|ARM
		{F6A9EFB0-94B8-4C1E-9D97-65B3277306CA}.Release|ARM.Deploy.0 = Release|ARM
		{F6A9EFB0-94B8-4C1E-9D97-65B3277306CA}.Release|ARM64.ActiveCfg = Release|ARM64
		{F6A9EFB0-94B8-4C1E-9D97-65B3277306CA}.Release|ARM64.Build.0 = Release|ARM64
		{F6A9EFB0-94B8-4C1E-9D97-65B3277306CA}.Release|ARM64.Deploy.0 = Release|ARM64
		{F6A9EFB0-94B8-4C1E-9D97-65B3277306CA}.Release|x64.ActiveCfg = Release|x64
		{F6A9EFB0-94B8-4C1E-9D97-65B3277306CA}.Release|x64.Build.0 = Release|x64
		{F6A9EFB0-94B8-4C1E-9D97-65B3277306CA}.Release|x64.Deploy.0 = Release|x64
		{F6A9EFB0-94B8-4C1E-9D97-65B3277306CA}.Release|x86.ActiveCfg = Release|x86
		{F6A9EFB0-94B8-4C1E-9D97-65B3277306CA}.Release|x86.Build.0 = Release|x86
		{F6A9EFB0-94B8-4C1E-9D97-65B3277306CA}.Release|x86.Deploy.0 = Release|x86
	EndGlobalSection
	GlobalSection(SolutionProperties) = preSolution
		HideSolutionNode = FALSE
	EndGlobalSection
	GlobalSection(ExtensibilityGlobals) = postSolution
		SolutionGuid = {6B1AF499-A45E-4FCD-AB51-B3232EC8AF18}
	EndGlobalSection
EndGlobal
